
Microsoft Visual Studio Solution File, Format Version 12.00
# Visual Studio Version 16
VisualStudioVersion = 16.0.30907.101
MinimumVisualStudioVersion = 10.0.40219.1
Project("{9A19103F-16F7-4668-BE54-9A1E7A4F7556}") = "GsbMvc", "..\GsbMvc\GsbMvc.csproj", "{2D454BBC-3580-4D33-B6DF-F45B3334B308}"
EndProject
Global
	GlobalSection(SolutionConfigurationPlatforms) = preSolution
		Debug|Any CPU = Debug|Any CPU
		Release|Any CPU = Release|Any CPU
	EndGlobalSection
	GlobalSection(ProjectConfigurationPlatforms) = postSolution
		{2D454BBC-3580-4D33-B6DF-F45B3334B308}.Debug|Any CPU.ActiveCfg = Debug|Any CPU
		{2D454BBC-3580-4D33-B6DF-F45B3334B308}.Debug|Any CPU.Build.0 = Debug|Any CPU
		{2D454BBC-3580-4D33-B6DF-F45B3334B308}.Release|Any CPU.ActiveCfg = Release|Any CPU
		{2D454BBC-3580-4D33-B6DF-F45B3334B308}.Release|Any CPU.Build.0 = Release|Any CPU
	EndGlobalSection
	GlobalSection(SolutionProperties) = preSolution
		HideSolutionNode = FALSE
	EndGlobalSection
	GlobalSection(ExtensibilityGlobals) = postSolution
		SolutionGuid = {B30C767C-B53F-4567-B2B7-78AF13EB46D8}
	EndGlobalSection
EndGlobal
